
Microsoft Visual Studio Solution File, Format Version 12.00
# Visual Studio Version 16
VisualStudioVersion = 16.0.31729.503
MinimumVisualStudioVersion = 10.0.40219.1
Project("{FAE04EC0-301F-11D3-BF4B-00C04F79EFBC}") = "Laba7", "Laba7\Queueing theory\Laba7.csproj", "{70BD95AD-3049-49CA-8AA1-591F76623CFF}"
EndProject
Global
	GlobalSection(SolutionConfigurationPlatforms) = preSolution
		Debug|Any CPU = Debug|Any CPU
		Release|Any CPU = Release|Any CPU
	EndGlobalSection
	GlobalSection(ProjectConfigurationPlatforms) = postSolution
		{70BD95AD-3049-49CA-8AA1-591F76623CFF}.Debug|Any CPU.ActiveCfg = Debug|Any CPU
		{70BD95AD-3049-49CA-8AA1-591F76623CFF}.Debug|Any CPU.Build.0 = Debug|Any CPU
		{70BD95AD-3049-49CA-8AA1-591F76623CFF}.Release|Any CPU.ActiveCfg = Release|Any CPU
		{70BD95AD-3049-49CA-8AA1-591F76623CFF}.Release|Any CPU.Build.0 = Release|Any CPU
	EndGlobalSection
	GlobalSection(SolutionProperties) = preSolution
		HideSolutionNode = FALSE
	EndGlobalSection
	GlobalSection(ExtensibilityGlobals) = postSolution
		SolutionGuid = {4BCEE308-6D46-496D-A3C6-9D5041CF8419}
	EndGlobalSection
EndGlobal
